
Microsoft Visual Studio Solution File, Format Version 12.00
# Visual Studio 14
VisualStudioVersion = 14.0.23107.0
MinimumVisualStudioVersion = 10.0.40219.1
Project("{FAE04EC0-301F-11D3-BF4B-00C04F79EFBC}") = "MonadDemo", "MonadDemo\MonadDemo.csproj", "{77BFF1A0-CC01-4BFD-86DB-66766CF05370}"
EndProject
Project("{FAE04EC0-301F-11D3-BF4B-00C04F79EFBC}") = "MonadDemoTests", "MonadDemoTests\MonadDemoTests.csproj", "{DD70069E-C99F-4EB0-B1DB-E795D41B8010}"
EndProject
Global
	GlobalSection(SolutionConfigurationPlatforms) = preSolution
		Debug|Any CPU = Debug|Any CPU
		Release|Any CPU = Release|Any CPU
	EndGlobalSection
	GlobalSection(ProjectConfigurationPlatforms) = postSolution
		{77BFF1A0-CC01-4BFD-86DB-66766CF05370}.Debug|Any CPU.ActiveCfg = Debug|Any CPU
		{77BFF1A0-CC01-4BFD-86DB-66766CF05370}.Debug|Any CPU.Build.0 = Debug|Any CPU
		{77BFF1A0-CC01-4BFD-86DB-66766CF05370}.Release|Any CPU.ActiveCfg = Release|Any CPU
		{77BFF1A0-CC01-4BFD-86DB-66766CF05370}.Release|Any CPU.Build.0 = Release|Any CPU
		{DD70069E-C99F-4EB0-B1DB-E795D41B8010}.Debug|Any CPU.ActiveCfg = Debug|Any CPU
		{DD70069E-C99F-4EB0-B1DB-E795D41B8010}.Debug|Any CPU.Build.0 = Debug|Any CPU
		{DD70069E-C99F-4EB0-B1DB-E795D41B8010}.Release|Any CPU.ActiveCfg = Release|Any CPU
		{DD70069E-C99F-4EB0-B1DB-E795D41B8010}.Release|Any CPU.Build.0 = Release|Any CPU
	EndGlobalSection
	GlobalSection(SolutionProperties) = preSolution
		HideSolutionNode = FALSE
	EndGlobalSection
EndGlobal
